Microsoft Visual Studio Solution File, Format Version 12.00
# Visual Studio 14
VisualStudioVersion = 14.0.25420.1
MinimumVisualStudioVersion = 10.0.40219.1
Project("{FAE04EC0-301F-11D3-BF4B-00C04F79EFBC}") = "Serialport-communication", "Serialport-communication\Serialport-communication.csproj", "{C527B856-7F33-4593-B0A5-55553B2034E9}"
EndProject
Project("{2150E333-8FDC-42A3-9474-1A3956D46DE8}") = "Solution Items", "Solution Items", "{69CB3709-0A90-4B7C-B1A3-614DF99612AF}"
	ProjectSection(SolutionItems) = preProject
		C:\USERS\XIAOH\APPDATA\LOCAL\MICROSOFT\VISUALSTUDIO\14.0\EXTENSIONS\CE0XMJVL.WKZ\description.html = C:\USERS\XIAOH\APPDATA\LOCAL\MICROSOFT\VISUALSTUDIO\14.0\EXTENSIONS\CE0XMJVL.WKZ\description.html
	EndProjectSection
EndProject
Global
	GlobalSection(SolutionConfigurationPlatforms) = preSolution
		Debug|Any CPU = Debug|Any CPU
		Release|Any CPU = Release|Any CPU
	EndGlobalSection
	GlobalSection(ProjectConfigurationPlatforms) = postSolution
		{C527B856-7F33-4593-B0A5-55553B2034E9}.Debug|Any CPU.ActiveCfg = Debug|Any CPU
		{C527B856-7F33-4593-B0A5-55553B2034E9}.Debug|Any CPU.Build.0 = Debug|Any CPU
		{C527B856-7F33-4593-B0A5-55553B2034E9}.Release|Any CPU.ActiveCfg = Release|Any CPU
		{C527B856-7F33-4593-B0A5-55553B2034E9}.Release|Any CPU.Build.0 = Release|Any CPU
	EndGlobalSection
	GlobalSection(SolutionProperties) = preSolution
		HideSolutionNode = FALSE
	EndGlobalSection
EndGlobal
